
Microsoft Visual Studio Solution File, Format Version 12.00
# Visual Studio Version 16
VisualStudioVersion = 16.0.30907.101
MinimumVisualStudioVersion = 10.0.40219.1
Project("{8BC9CEB8-8B4A-11D0-8D11-00A0C91BC942}") = "courseWork", "courseWork\courseWork.vcxproj", "{5FF009CE-6108-43DD-BA1F-C4F0E01BE4B8}"
EndProject
Global
	GlobalSection(SolutionConfigurationPlatforms) = preSolution
		Debug|x64 = Debug|x64
		Debug|x86 = Debug|x86
		Release|x64 = Release|x64
		Release|x86 = Release|x86
	EndGlobalSection
	GlobalSection(ProjectConfigurationPlatforms) = postSolution
		{5FF009CE-6108-43DD-BA1F-C4F0E01BE4B8}.Debug|x64.ActiveCfg = Debug|x64
		{5FF009CE-6108-43DD-BA1F-C4F0E01BE4B8}.Debug|x64.Build.0 = Debug|x64
		{5FF009CE-6108-43DD-BA1F-C4F0E01BE4B8}.Debug|x86.ActiveCfg = Debug|Win32
		{5FF009CE-6108-43DD-BA1F-C4F0E01BE4B8}.Debug|x86.Build.0 = Debug|Win32
		{5FF009CE-6108-43DD-BA1F-C4F0E01BE4B8}.Release|x64.ActiveCfg = Release|x64
		{5FF009CE-6108-43DD-BA1F-C4F0E01BE4B8}.Release|x64.Build.0 = Release|x64
		{5FF009CE-6108-43DD-BA1F-C4F0E01BE4B8}.Release|x86.ActiveCfg = Release|Win32
		{5FF009CE-6108-43DD-BA1F-C4F0E01BE4B8}.Release|x86.Build.0 = Release|Win32
	EndGlobalSection
	GlobalSection(SolutionProperties) = preSolution
		HideSolutionNode = FALSE
	EndGlobalSection
	GlobalSection(ExtensibilityGlobals) = postSolution
		SolutionGuid = {AA685718-D4A3-4BE3-8359-0CA03F5193D9}
	EndGlobalSection
EndGlobal
